
Microsoft Visual Studio Solution File, Format Version 12.00
# Visual Studio Version 16
VisualStudioVersion = 16.0.31321.278
MinimumVisualStudioVersion = 10.0.40219.1
Project("{8BC9CEB8-8B4A-11D0-8D11-00A0C91BC942}") = "Synet", "..\Synet\Synet.vcxproj", "{8D8C7FCB-63E6-4D29-A6D9-087F3C881673}"
EndProject
Project("{8BC9CEB8-8B4A-11D0-8D11-00A0C91BC942}") = "SynapseEngine", "..\SynapseEngine\SynapseEngine.vcxproj", "{04A9B661-96D2-4954-B014-F6671771CA45}"
EndProject
Project("{8BC9CEB8-8B4A-11D0-8D11-00A0C91BC942}") = "VirtualWar", "VirtualWar.vcxproj", "{218D03E4-6AF8-420C-A745-00F100162F1F}"
EndProject
Global
	GlobalSection(SolutionConfigurationPlatforms) = preSolution
		Debug|x64 = Debug|x64
		Debug|x86 = Debug|x86
		Release|x64 = Release|x64
		Release|x86 = Release|x86
	EndGlobalSection
	GlobalSection(ProjectConfigurationPlatforms) = postSolution
		{8D8C7FCB-63E6-4D29-A6D9-087F3C881673}.Debug|x64.ActiveCfg = Debug|x64
		{8D8C7FCB-63E6-4D29-A6D9-087F3C881673}.Debug|x64.Build.0 = Debug|x64
		{8D8C7FCB-63E6-4D29-A6D9-087F3C881673}.Debug|x86.ActiveCfg = Debug|Win32
		{8D8C7FCB-63E6-4D29-A6D9-087F3C881673}.Debug|x86.Build.0 = Debug|Win32
		{8D8C7FCB-63E6-4D29-A6D9-087F3C881673}.Release|x64.ActiveCfg = Release|x64
		{8D8C7FCB-63E6-4D29-A6D9-087F3C881673}.Release|x64.Build.0 = Release|x64
		{8D8C7FCB-63E6-4D29-A6D9-087F3C881673}.Release|x86.ActiveCfg = Release|Win32
		{8D8C7FCB-63E6-4D29-A6D9-087F3C881673}.Release|x86.Build.0 = Release|Win32
		{04A9B661-96D2-4954-B014-F6671771CA45}.Debug|x64.ActiveCfg = Debug|x64
		{04A9B661-96D2-4954-B014-F6671771CA45}.Debug|x64.Build.0 = Debug|x64
		{04A9B661-96D2-4954-B014-F6671771CA45}.Debug|x86.ActiveCfg = Debug|Win32
		{04A9B661-96D2-4954-B014-F6671771CA45}.Debug|x86.Build.0 = Debug|Win32
		{04A9B661-96D2-4954-B014-F6671771CA45}.Release|x64.ActiveCfg = Release|x64
		{04A9B661-96D2-4954-B014-F6671771CA45}.Release|x64.Build.0 = Release|x64
		{04A9B661-96D2-4954-B014-F6671771CA45}.Release|x86.ActiveCfg = Release|Win32
		{04A9B661-96D2-4954-B014-F6671771CA45}.Release|x86.Build.0 = Release|Win32
		{218D03E4-6AF8-420C-A745-00F100162F1F}.Debug|x64.ActiveCfg = Debug|x64
		{218D03E4-6AF8-420C-A745-00F100162F1F}.Debug|x64.Build.0 = Debug|x64
		{218D03E4-6AF8-420C-A745-00F100162F1F}.Debug|x86.ActiveCfg = Debug|Win32
		{218D03E4-6AF8-420C-A745-00F100162F1F}.Debug|x86.Build.0 = Debug|Win32
		{218D03E4-6AF8-420C-A745-00F100162F1F}.Release|x64.ActiveCfg = Release|x64
		{218D03E4-6AF8-420C-A745-00F100162F1F}.Release|x64.Build.0 = Release|x64
		{218D03E4-6AF8-420C-A745-00F100162F1F}.Release|x86.ActiveCfg = Release|Win32
		{218D03E4-6AF8-420C-A745-00F100162F1F}.Release|x86.Build.0 = Release|Win32
	EndGlobalSection
	GlobalSection(SolutionProperties) = preSolution
		HideSolutionNode = FALSE
	EndGlobalSection
	GlobalSection(ExtensibilityGlobals) = postSolution
		SolutionGuid = {04D98D88-D08E-4F47-97C3-EC7F2A9BF602}
	EndGlobalSection
EndGlobal
